// !$*UTF8*$!
{
	archiveVersion = 1;
	classes = {
	};
	objectVersion = 46;
	objects = {

/* Begin PBXBuildFile section */
		F513DF331C9A9C5A00DE61AA /* BaseModel.h in CopyFiles */ = {isa = PBXBuildFile; fileRef = F513DF321C9A9C5A00DE61AA /* BaseModel.h */; };
		F513DF351C9A9C5A00DE61AA /* BaseModel.m in Sources */ = {isa = PBXBuildFile; fileRef = F513DF341C9A9C5A00DE61AA /* BaseModel.m */; };
/* End PBXBuildFile section */

/* Begin PBXCopyFilesBuildPhase section */
		F513DF2D1C9A9C5A00DE61AA /* CopyFiles */ = {
			isa = PBXCopyFilesBuildPhase;
			buildActionMask = 2147483647;
			dstPath = "include/$(PRODUCT_NAME)";
			dstSubfolderSpec = 16;
			files = (
				F513DF331C9A9C5A00DE61AA /* BaseModel.h in CopyFiles */,
			);
			runOnlyForDeploymentPostprocessing = 0;
		};
/* End PBXCopyFilesBuildPhase section */

/* Begin PBXFileReference section */
		F513DF2F1C9A9C5A00DE61AA /* libBaseModel.a */ = {isa = PBXFileReference; explicitFileType = archive.ar; includeInIndex = 0; path = libBaseModel.a; sourceTree = BUILT_PRODUCTS_DIR; };
		F513DF321C9A9C5A00DE61AA /* BaseModel.h */ = {isa = PBXFileReference; lastKnownFileType = sourcecode.c.h; path = BaseModel.h; sourceTree = "<group>"; };
		F513DF341C9A9C5A00DE61AA /* BaseModel.m */ = {isa = PBXFileReference; lastKnownFileType = sourcecode.c.objc; path = BaseModel.m; sourceTree = "<group>"; };
/* End PBXFileReference section */

/* Begin PBXFrameworksBuildPhase section */
		F513DF2C1C9A9C5A00DE61AA /* Frameworks */ = {
			isa = PBXFrameworksBuildPhase;
			buildActionMask = 2147483647;
			files = (
			);
			runOnlyForDeploymentPostprocessing = 0;
		};
/* End PBXFrameworksBuildPhase section */

/* Begin PBXGroup section */
		F513DF261C9A9C5A00DE61AA = {
			isa = PBXGroup;
			children = (
				F513DF311C9A9C5A00DE61AA /* BaseModel */,
				F513DF301C9A9C5A00DE61AA /* Products */,
			);
			sourceTree = "<group>";
		};
		F513DF301C9A9C5A00DE61AA /* Products */ = {
			isa = PBXGroup;
			children = (
				F513DF2F1C9A9C5A00DE61AA /* libBaseModel.a */,
			);
			name = Products;
			sourceTree = "<group>";
		};
		F513DF311C9A9C5A00DE61AA /* BaseModel */ = {
			isa = PBXGroup;
			children = (
				F513DF321C9A9C5A00DE61AA /* BaseModel.h */,
				F513DF341C9A9C5A00DE61AA /* BaseModel.m */,
			);
			path = BaseModel;
			sourceTree = "<group>";
		};
/* End PBXGroup section */

/* Begin PBXNativeTarget section */
		F513DF2E1C9A9C5A00DE61AA /* BaseModel */ = {
			isa = PBXNativeTarget;
			buildConfigurationList = F513DF381C9A9C5A00DE61AA /* Build configuration list for PBXNativeTarget "BaseModel" */;
			buildPhases = (
				F513DF2B1C9A9C5A00DE61AA /* Sources */,
				F513DF2C1C9A9C5A00DE61AA /* Frameworks */,
				F513DF2D1C9A9C5A00DE61AA /* CopyFiles */,
			);
			buildRules = (
			);
			dependencies = (
			);
			name = BaseModel;
			productName = BaseModel;
			productReference = F513DF2F1C9A9C5A00DE61AA /* libBaseModel.a */;
			productType = "com.apple.product-type.library.static";
		};
/* End PBXNativeTarget section */

/* Begin PBXProject section */
		F513DF271C9A9C5A00DE61AA /* Project object */ = {
			isa = PBXProject;
			attributes = {
				LastUpgradeCheck = 0720;
				ORGANIZATIONNAME = MapleDong;
				TargetAttributes = {
					F513DF2E1C9A9C5A00DE61AA = {
						CreatedOnToolsVersion = 7.2;
					};
				};
			};
			buildConfigurationList = F513DF2A1C9A9C5A00DE61AA /* Build configuration list for PBXProject "BaseModel" */;
			compatibilityVersion = "Xcode 3.2";
			developmentRegion = English;
			hasScannedForEncodings = 0;
			knownRegions = (
				en,
			);
			mainGroup = F513DF261C9A9C5A00DE61AA;
			productRefGroup = F513DF301C9A9C5A00DE61AA /* Products */;
			projectDirPath = "";
			projectRoot = "";
			targets = (
				F513DF2E1C9A9C5A00DE61AA /* BaseModel */,
			);
		};
/* End PBXProject section */

/* Begin PBXSourcesBuildPhase section */
		F513DF2B1C9A9C5A00DE61AA /* Sources */ = {
			isa = PBXSourcesBuildPhase;
			buildActionMask = 2147483647;
			files = (
				F513DF351C9A9C5A00DE61AA /* BaseModel.m in Sources */,
			);
			runOnlyForDeploymentPostprocessing = 0;
		};
/* End PBXSourcesBuildPhase section */

/* Begin XCBuildConfiguration section */
		F513DF361C9A9C5A00DE61AA /* Debug */ = {
			isa = XCBuildConfiguration;
			buildSettings = {
				ALWAYS_SEARCH_USER_PATHS = NO;
				CLANG_CXX_LANGUAGE_STANDARD = "gnu++0x";
				CLANG_CXX_LIBRARY = "libc++";
				CLANG_ENABLE_MODULES = YES;
				CLANG_ENABLE_OBJC_ARC = YES;
				CLANG_WARN_BOOL_CONVERSION = YES;
				CLANG_WARN_CONSTANT_CONVERSION = YES;
				CLANG_WARN_DIRECT_OBJC_ISA_USAGE = YES_ERROR;
				CLANG_WARN_EMPTY_BODY = YES;
				CLANG_WARN_ENUM_CONVERSION = YES;
				CLANG_WARN_INT_CONVERSION = YES;
				CLANG_WARN_OBJC_ROOT_CLASS = YES_ERROR;
				CLANG_WARN_UNREACHABLE_CODE = YES;
				CLANG_WARN__DUPLICATE_METHOD_MATCH = YES;
				"CODE_SIGN_IDENTITY[sdk=iphoneos*]" = "iPhone Developer";
				COPY_PHASE_STRIP = NO;
				DEBUG_INFORMATION_FORMAT = dwarf;
				ENABLE_STRICT_OBJC_MSGSEND = YES;
				ENABLE_TESTABILITY = YES;
				GCC_C_LANGUAGE_STANDARD = gnu99;
				GCC_DYNAMIC_NO_PIC = NO;
				GCC_NO_COMMON_BLOCKS = YES;
				GCC_OPTIMIZATION_LEVEL = 0;
				GCC_PREPROCESSOR_DEFINITIONS = (
					"DEBUG=1",
					"$(inherited)",
				);
				GCC_WARN_64_TO_32_BIT_CONVERSION = YES;
				GCC_WARN_ABOUT_RETURN_TYPE = YES_ERROR;
				GCC_WARN_UNDECLARED_SELECTOR = YES;
				GCC_WARN_UNINITIALIZED_AUTOS = YES_AGGRESSIVE;
				GCC_WARN_UNUSED_FUNCTION = YES;
				GCC_WARN_UNUSED_VARIABLE = YES;
				IPHONEOS_DEPLOYMENT_TARGET = 9.2;
				MTL_ENABLE_DEBUG_INFO = YES;
				ONLY_ACTIVE_ARCH = YES;
				SDKROOT = iphoneos;
			};
			name = Debug;
		};
		F513DF371C9A9C5A00DE61AA /* Release */ = {
			isa = XCBuildConfiguration;
			buildSettings = {
				ALWAYS_SEARCH_USER_PATHS = NO;
				CLANG_CXX_LANGUAGE_STANDARD = "gnu++0x";
				CLANG_CXX_LIBRARY = "libc++";
				CLANG_ENABLE_MODULES = YES;
				CLANG_ENABLE_OBJC_ARC = YES;
				CLANG_WARN_BOOL_CONVERSION = YES;
				CLANG_WARN_CONSTANT_CONVERSION = YES;
				CLANG_WARN_DIRECT_OBJC_ISA_USAGE = YES_ERROR;
				CLANG_WARN_EMPTY_BODY = YES;
				CLANG_WARN_ENUM_CONVERSION = YES;
				CLANG_WARN_INT_CONVERSION = YES;
				CLANG_WARN_OBJC_ROOT_CLASS = YES_ERROR;
				CLANG_WARN_UNREACHABLE_CODE = YES;
				CLANG_WARN__DUPLICATE_METHOD_MATCH = YES;
				"CODE_SIGN_IDENTITY[sdk=iphoneos*]" = "iPhone Developer";
				COPY_PHASE_STRIP = NO;
				DEBUG_INFORMATION_FORMAT = "dwarf-with-dsym";
				ENABLE_NS_ASSERTIONS = NO;
				ENABLE_STRICT_OBJC_MSGSEND = YES;
				GCC_C_LANGUAGE_STANDARD = gnu99;
				GCC_NO_COMMON_BLOCKS = YES;
				GCC_WARN_64_TO_32_BIT_CONVERSION = YES;
				GCC_WARN_ABOUT_RETURN_TYPE = YES_ERROR;
				GCC_WARN_UNDECLARED_SELECTOR = YES;
				GCC_WARN_UNINITIALIZED_AUTOS = YES_AGGRESSIVE;
				GCC_WARN_UNUSED_FUNCTION = YES;
				GCC_WARN_UNUSED_VARIABLE = YES;
				IPHONEOS_DEPLOYMENT_TARGET = 9.2;
				MTL_ENABLE_DEBUG_INFO = NO;
				SDKROOT = iphoneos;
				VALIDATE_PRODUCT = YES;
			};
			name = Release;
		};
		F513DF391C9A9C5A00DE61AA /* Debug */ = {
			isa = XCBuildConfiguration;
			buildSettings = {
				OTHER_LDFLAGS = "-ObjC";
				PRODUCT_NAME = "$(TARGET_NAME)";
				SKIP_INSTALL = YES;
			};
			name = Debug;
		};
		F513DF3A1C9A9C5A00DE61AA /* Release */ = {
			isa = XCBuildConfiguration;
			buildSettings = {
				OTHER_LDFLAGS = "-ObjC";
				PRODUCT_NAME = "$(TARGET_NAME)";
				SKIP_INSTALL = YES;
			};
			name = Release;
		};
/* End XCBuildConfiguration section */

/* Begin XCConfigurationList section */
		F513DF2A1C9A9C5A00DE61AA /* Build configuration list for PBXProject "BaseModel" */ = {
			isa = XCConfigurationList;
			buildConfigurations = (
				F513DF361C9A9C5A00DE61AA /* Debug */,
				F513DF371C9A9C5A00DE61AA /* Release */,
			);
			defaultConfigurationIsVisible = 0;
			defaultConfigurationName = Release;
		};
		F513DF381C9A9C5A00DE61AA /* Build configuration list for PBXNativeTarget "BaseModel" */ = {
			isa = XCConfigurationList;
			buildConfigurations = (
				F513DF391C9A9C5A00DE61AA /* Debug */,
				F513DF3A1C9A9C5A00DE61AA /* Release */,
			);
			defaultConfigurationIsVisible = 0;
		};
/* End XCConfigurationList section */
	};
	rootObject = F513DF271C9A9C5A00DE61AA /* Project object */;
}
